// !$*UTF8*$!
{
	archiveVersion = 1;
	classes = {
	};
	objectVersion = 48;
	objects = {

/* Begin PBXBuildFile section */
		8398FA052099F5A70018B38D /* main.cpp in Sources */ = {isa = PBXBuildFile; fileRef = 8398FA042099F5A70018B38D /* main.cpp */; };
		8398FA122099F6140018B38D /* Topic.cpp in Sources */ = {isa = PBXBuildFile; fileRef = 8398FA102099F6140018B38D /* Topic.cpp */; };
		8398FA152099FA590018B38D /* UserTopic.cpp in Sources */ = {isa = PBXBuildFile; fileRef = 8398FA132099FA590018B38D /* UserTopic.cpp */; };
		8398FA182099FA670018B38D /* RelationTopic.cpp in Sources */ = {isa = PBXBuildFile; fileRef = 8398FA162099FA670018B38D /* RelationTopic.cpp */; };
		8398FA1B2099FA770018B38D /* MessageTopic.cpp in Sources */ = {isa = PBXBuildFile; fileRef = 8398FA192099FA770018B38D /* MessageTopic.cpp */; };
		8398FA1E2099FE110018B38D /* URLPath.cpp in Sources */ = {isa = PBXBuildFile; fileRef = 8398FA1C2099FE110018B38D /* URLPath.cpp */; };
/* End PBXBuildFile section */

/* Begin PBXCopyFilesBuildPhase section */
		8398F9FF2099F5A70018B38D /* CopyFiles */ = {
			isa = PBXCopyFilesBuildPhase;
			buildActionMask = 2147483647;
			dstPath = /usr/share/man/man1/;
			dstSubfolderSpec = 0;
			files = (
			);
			runOnlyForDeploymentPostprocessing = 1;
		};
/* End PBXCopyFilesBuildPhase section */

/* Begin PBXFileReference section */
		8398FA012099F5A70018B38D /* MIMTopic */ = {isa = PBXFileReference; explicitFileType = "compiled.mach-o.executable"; includeInIndex = 0; path = MIMTopic; sourceTree = BUILT_PRODUCTS_DIR; };
		8398FA042099F5A70018B38D /* main.cpp */ = {isa = PBXFileReference; lastKnownFileType = sourcecode.cpp.cpp; path = main.cpp; sourceTree = "<group>"; };
		8398FA102099F6140018B38D /* Topic.cpp */ = {isa = PBXFileReference; lastKnownFileType = sourcecode.cpp.cpp; path = Topic.cpp; sourceTree = "<group>"; };
		8398FA112099F6140018B38D /* Topic.hpp */ = {isa = PBXFileReference; lastKnownFileType = sourcecode.cpp.h; path = Topic.hpp; sourceTree = "<group>"; };
		8398FA132099FA590018B38D /* UserTopic.cpp */ = {isa = PBXFileReference; lastKnownFileType = sourcecode.cpp.cpp; path = UserTopic.cpp; sourceTree = "<group>"; };
		8398FA142099FA590018B38D /* UserTopic.hpp */ = {isa = PBXFileReference; lastKnownFileType = sourcecode.cpp.h; path = UserTopic.hpp; sourceTree = "<group>"; };
		8398FA162099FA670018B38D /* RelationTopic.cpp */ = {isa = PBXFileReference; lastKnownFileType = sourcecode.cpp.cpp; path = RelationTopic.cpp; sourceTree = "<group>"; };
		8398FA172099FA670018B38D /* RelationTopic.hpp */ = {isa = PBXFileReference; lastKnownFileType = sourcecode.cpp.h; path = RelationTopic.hpp; sourceTree = "<group>"; };
		8398FA192099FA770018B38D /* MessageTopic.cpp */ = {isa = PBXFileReference; lastKnownFileType = sourcecode.cpp.cpp; path = MessageTopic.cpp; sourceTree = "<group>"; };
		8398FA1A2099FA770018B38D /* MessageTopic.hpp */ = {isa = PBXFileReference; lastKnownFileType = sourcecode.cpp.h; path = MessageTopic.hpp; sourceTree = "<group>"; };
		8398FA1C2099FE110018B38D /* URLPath.cpp */ = {isa = PBXFileReference; lastKnownFileType = sourcecode.cpp.cpp; path = URLPath.cpp; sourceTree = "<group>"; };
		8398FA1D2099FE110018B38D /* URLPath.hpp */ = {isa = PBXFileReference; lastKnownFileType = sourcecode.cpp.h; path = URLPath.hpp; sourceTree = "<group>"; };
		8398FA1F209A04820018B38D /* TopicDefines.h */ = {isa = PBXFileReference; lastKnownFileType = sourcecode.c.h; path = TopicDefines.h; sourceTree = "<group>"; };
/* End PBXFileReference section */

/* Begin PBXFrameworksBuildPhase section */
		8398F9FE2099F5A70018B38D /* Frameworks */ = {
			isa = PBXFrameworksBuildPhase;
			buildActionMask = 2147483647;
			files = (
			);
			runOnlyForDeploymentPostprocessing = 0;
		};
/* End PBXFrameworksBuildPhase section */

/* Begin PBXGroup section */
		8398F9F82099F5A60018B38D = {
			isa = PBXGroup;
			children = (
				8398FA032099F5A70018B38D /* MIMTopic */,
				8398FA022099F5A70018B38D /* Products */,
			);
			sourceTree = "<group>";
		};
		8398FA022099F5A70018B38D /* Products */ = {
			isa = PBXGroup;
			children = (
				8398FA012099F5A70018B38D /* MIMTopic */,
			);
			name = Products;
			sourceTree = "<group>";
		};
		8398FA032099F5A70018B38D /* MIMTopic */ = {
			isa = PBXGroup;
			children = (
				8398FA0B2099F5BD0018B38D /* Topic */,
				8398FA042099F5A70018B38D /* main.cpp */,
			);
			path = MIMTopic;
			sourceTree = "<group>";
		};
		8398FA0B2099F5BD0018B38D /* Topic */ = {
			isa = PBXGroup;
			children = (
				8398FA0F2099F5ED0018B38D /* Base */,
				8398FA0C2099F5DF0018B38D /* Message */,
				8398FA0D2099F5DF0018B38D /* Relation */,
				8398FA0E2099F5DF0018B38D /* User */,
			);
			path = Topic;
			sourceTree = "<group>";
		};
		8398FA0C2099F5DF0018B38D /* Message */ = {
			isa = PBXGroup;
			children = (
				8398FA1A2099FA770018B38D /* MessageTopic.hpp */,
				8398FA192099FA770018B38D /* MessageTopic.cpp */,
			);
			path = Message;
			sourceTree = "<group>";
		};
		8398FA0D2099F5DF0018B38D /* Relation */ = {
			isa = PBXGroup;
			children = (
				8398FA172099FA670018B38D /* RelationTopic.hpp */,
				8398FA162099FA670018B38D /* RelationTopic.cpp */,
			);
			path = Relation;
			sourceTree = "<group>";
		};
		8398FA0E2099F5DF0018B38D /* User */ = {
			isa = PBXGroup;
			children = (
				8398FA142099FA590018B38D /* UserTopic.hpp */,
				8398FA132099FA590018B38D /* UserTopic.cpp */,
			);
			path = User;
			sourceTree = "<group>";
		};
		8398FA0F2099F5ED0018B38D /* Base */ = {
			isa = PBXGroup;
			children = (
				8398FA1F209A04820018B38D /* TopicDefines.h */,
				8398FA112099F6140018B38D /* Topic.hpp */,
				8398FA102099F6140018B38D /* Topic.cpp */,
				8398FA1D2099FE110018B38D /* URLPath.hpp */,
				8398FA1C2099FE110018B38D /* URLPath.cpp */,
			);
			path = Base;
			sourceTree = "<group>";
		};
/* End PBXGroup section */

/* Begin PBXNativeTarget section */
		8398FA002099F5A70018B38D /* MIMTopic */ = {
			isa = PBXNativeTarget;
			buildConfigurationList = 8398FA082099F5A70018B38D /* Build configuration list for PBXNativeTarget "MIMTopic" */;
			buildPhases = (
				8398F9FD2099F5A70018B38D /* Sources */,
				8398F9FE2099F5A70018B38D /* Frameworks */,
				8398F9FF2099F5A70018B38D /* CopyFiles */,
			);
			buildRules = (
			);
			dependencies = (
			);
			name = MIMTopic;
			productName = MIMTopic;
			productReference = 8398FA012099F5A70018B38D /* MIMTopic */;
			productType = "com.apple.product-type.tool";
		};
/* End PBXNativeTarget section */

/* Begin PBXProject section */
		8398F9F92099F5A60018B38D /* Project object */ = {
			isa = PBXProject;
			attributes = {
				LastUpgradeCheck = 0900;
				ORGANIZATIONNAME = wangkai;
				TargetAttributes = {
					8398FA002099F5A70018B38D = {
						CreatedOnToolsVersion = 9.0;
					};
				};
			};
			buildConfigurationList = 8398F9FC2099F5A60018B38D /* Build configuration list for PBXProject "MIMTopic" */;
			compatibilityVersion = "Xcode 8.0";
			developmentRegion = en;
			hasScannedForEncodings = 0;
			knownRegions = (
				en,
			);
			mainGroup = 8398F9F82099F5A60018B38D;
			productRefGroup = 8398FA022099F5A70018B38D /* Products */;
			projectDirPath = "";
			projectRoot = "";
			targets = (
				8398FA002099F5A70018B38D /* MIMTopic */,
			);
		};
/* End PBXProject section */

/* Begin PBXSourcesBuildPhase section */
		8398F9FD2099F5A70018B38D /* Sources */ = {
			isa = PBXSourcesBuildPhase;
			buildActionMask = 2147483647;
			files = (
				8398FA152099FA590018B38D /* UserTopic.cpp in Sources */,
				8398FA122099F6140018B38D /* Topic.cpp in Sources */,
				8398FA052099F5A70018B38D /* main.cpp in Sources */,
				8398FA1B2099FA770018B38D /* MessageTopic.cpp in Sources */,
				8398FA1E2099FE110018B38D /* URLPath.cpp in Sources */,
				8398FA182099FA670018B38D /* RelationTopic.cpp in Sources */,
			);
			runOnlyForDeploymentPostprocessing = 0;
		};
/* End PBXSourcesBuildPhase section */

/* Begin XCBuildConfiguration section */
		8398FA062099F5A70018B38D /* Debug */ = {
			isa = XCBuildConfiguration;
			buildSettings = {
				ALWAYS_SEARCH_USER_PATHS = NO;
				CLANG_ANALYZER_NONNULL = YES;
				CLANG_ANALYZER_NUMBER_OBJECT_CONVERSION = YES_AGGRESSIVE;
				CLANG_CXX_LANGUAGE_STANDARD = "gnu++14";
				CLANG_CXX_LIBRARY = "libc++";
				CLANG_ENABLE_MODULES = YES;
				CLANG_ENABLE_OBJC_ARC = YES;
				CLANG_WARN_BLOCK_CAPTURE_AUTORELEASING = YES;
				CLANG_WARN_BOOL_CONVERSION = YES;
				CLANG_WARN_COMMA = YES;
				CLANG_WARN_CONSTANT_CONVERSION = YES;
				CLANG_WARN_DIRECT_OBJC_ISA_USAGE = YES_ERROR;
				CLANG_WARN_DOCUMENTATION_COMMENTS = YES;
				CLANG_WARN_EMPTY_BODY = YES;
				CLANG_WARN_ENUM_CONVERSION = YES;
				CLANG_WARN_INFINITE_RECURSION = YES;
				CLANG_WARN_INT_CONVERSION = YES;
				CLANG_WARN_OBJC_ROOT_CLASS = YES_ERROR;
				CLANG_WARN_RANGE_LOOP_ANALYSIS = YES;
				CLANG_WARN_STRICT_PROTOTYPES = YES;
				CLANG_WARN_SUSPICIOUS_MOVE = YES;
				CLANG_WARN_UNGUARDED_AVAILABILITY = YES_AGGRESSIVE;
				CLANG_WARN_UNREACHABLE_CODE = YES;
				CLANG_WARN__DUPLICATE_METHOD_MATCH = YES;
				CODE_SIGN_IDENTITY = "-";
				COPY_PHASE_STRIP = NO;
				DEBUG_INFORMATION_FORMAT = dwarf;
				ENABLE_STRICT_OBJC_MSGSEND = YES;
				ENABLE_TESTABILITY = YES;
				GCC_C_LANGUAGE_STANDARD = gnu11;
				GCC_DYNAMIC_NO_PIC = NO;
				GCC_NO_COMMON_BLOCKS = YES;
				GCC_OPTIMIZATION_LEVEL = 0;
				GCC_PREPROCESSOR_DEFINITIONS = (
					"DEBUG=1",
					"$(inherited)",
				);
				GCC_WARN_64_TO_32_BIT_CONVERSION = YES;
				GCC_WARN_ABOUT_RETURN_TYPE = YES_ERROR;
				GCC_WARN_UNDECLARED_SELECTOR = YES;
				GCC_WARN_UNINITIALIZED_AUTOS = YES_AGGRESSIVE;
				GCC_WARN_UNUSED_FUNCTION = YES;
				GCC_WARN_UNUSED_VARIABLE = YES;
				MACOSX_DEPLOYMENT_TARGET = 10.13;
				MTL_ENABLE_DEBUG_INFO = YES;
				ONLY_ACTIVE_ARCH = YES;
				SDKROOT = macosx;
			};
			name = Debug;
		};
		8398FA072099F5A70018B38D /* Release */ = {
			isa = XCBuildConfiguration;
			buildSettings = {
				ALWAYS_SEARCH_USER_PATHS = NO;
				CLANG_ANALYZER_NONNULL = YES;
				CLANG_ANALYZER_NUMBER_OBJECT_CONVERSION = YES_AGGRESSIVE;
				CLANG_CXX_LANGUAGE_STANDARD = "gnu++14";
				CLANG_CXX_LIBRARY = "libc++";
				CLANG_ENABLE_MODULES = YES;
				CLANG_ENABLE_OBJC_ARC = YES;
				CLANG_WARN_BLOCK_CAPTURE_AUTORELEASING = YES;
				CLANG_WARN_BOOL_CONVERSION = YES;
				CLANG_WARN_COMMA = YES;
				CLANG_WARN_CONSTANT_CONVERSION = YES;
				CLANG_WARN_DIRECT_OBJC_ISA_USAGE = YES_ERROR;
				CLANG_WARN_DOCUMENTATION_COMMENTS = YES;
				CLANG_WARN_EMPTY_BODY = YES;
				CLANG_WARN_ENUM_CONVERSION = YES;
				CLANG_WARN_INFINITE_RECURSION = YES;
				CLANG_WARN_INT_CONVERSION = YES;
				CLANG_WARN_OBJC_ROOT_CLASS = YES_ERROR;
				CLANG_WARN_RANGE_LOOP_ANALYSIS = YES;
				CLANG_WARN_STRICT_PROTOTYPES = YES;
				CLANG_WARN_SUSPICIOUS_MOVE = YES;
				CLANG_WARN_UNGUARDED_AVAILABILITY = YES_AGGRESSIVE;
				CLANG_WARN_UNREACHABLE_CODE = YES;
				CLANG_WARN__DUPLICATE_METHOD_MATCH = YES;
				CODE_SIGN_IDENTITY = "-";
				COPY_PHASE_STRIP = NO;
				DEBUG_INFORMATION_FORMAT = "dwarf-with-dsym";
				ENABLE_NS_ASSERTIONS = NO;
				ENABLE_STRICT_OBJC_MSGSEND = YES;
				GCC_C_LANGUAGE_STANDARD = gnu11;
				GCC_NO_COMMON_BLOCKS = YES;
				GCC_WARN_64_TO_32_BIT_CONVERSION = YES;
				GCC_WARN_ABOUT_RETURN_TYPE = YES_ERROR;
				GCC_WARN_UNDECLARED_SELECTOR = YES;
				GCC_WARN_UNINITIALIZED_AUTOS = YES_AGGRESSIVE;
				GCC_WARN_UNUSED_FUNCTION = YES;
				GCC_WARN_UNUSED_VARIABLE = YES;
				MACOSX_DEPLOYMENT_TARGET = 10.13;
				MTL_ENABLE_DEBUG_INFO = NO;
				SDKROOT = macosx;
			};
			name = Release;
		};
		8398FA092099F5A70018B38D /* Debug */ = {
			isa = XCBuildConfiguration;
			buildSettings = {
				PRODUCT_NAME = "$(TARGET_NAME)";
			};
			name = Debug;
		};
		8398FA0A2099F5A70018B38D /* Release */ = {
			isa = XCBuildConfiguration;
			buildSettings = {
				PRODUCT_NAME = "$(TARGET_NAME)";
			};
			name = Release;
		};
/* End XCBuildConfiguration section */

/* Begin XCConfigurationList section */
		8398F9FC2099F5A60018B38D /* Build configuration list for PBXProject "MIMTopic" */ = {
			isa = XCConfigurationList;
			buildConfigurations = (
				8398FA062099F5A70018B38D /* Debug */,
				8398FA072099F5A70018B38D /* Release */,
			);
			defaultConfigurationIsVisible = 0;
			defaultConfigurationName = Release;
		};
		8398FA082099F5A70018B38D /* Build configuration list for PBXNativeTarget "MIMTopic" */ = {
			isa = XCConfigurationList;
			buildConfigurations = (
				8398FA092099F5A70018B38D /* Debug */,
				8398FA0A2099F5A70018B38D /* Release */,
			);
			defaultConfigurationIsVisible = 0;
		};
/* End XCConfigurationList section */
	};
	rootObject = 8398F9F92099F5A60018B38D /* Project object */;
}
